{
  "version": "3",
  "remote": {
    "https://edge.netlify.com/": "ff84a16f192fdb43db8b9dff869889f555c05857d075044d2a7cfa54c283a0a0",
    "https://edge.netlify.com/bootstrap/config.ts": "0aa0a225d978b89e0e62cbd853701605199e7a84095e55eeb70147faf1a24803",
    "https://edge.netlify.com/bootstrap/context.ts": "8f99269eeeeccf9b852e6089cc648c962a0ea20b2198b8b38b38e3b2ce2b9143",
    "https://edge.netlify.com/bootstrap/cookie.ts": "8b0baae708989ca183c6f3b4ab3d029e6abcbc2e43f93edeb0ff447b3bbc3a05",
    "https://edge.netlify.com/bootstrap/edge_function.ts": "b8253e86aa83c67341f5cfedeba5049d77fbf84dcab7eceff7566b7728ae9b39",
    "https://edge.netlify.com/bootstrap/globals.ts": "38f9e0be6c2c78206bf14d2387d41964d38bbe81644b3668e203c6f6473408a7"
  },
  "workspace": {
    "packageJson": {
      "dependencies": [
        "npm:@deepgram/sdk@^2.4.0",
        "npm:@flydotio/dockerfile@^0.4.11",
        "npm:colors@^1.4.0",
        "npm:connect-ensure-login@^0.1.1",
        "npm:connect-mongodb-session@^5.0.0",
        "npm:csv-parser@^3.0.0",
        "npm:csvtojson@^2.0.10",
        "npm:dotenv@^16.3.1",
        "npm:eslint@^8.57.0",
        "npm:express-session@^1.18.0",
        "npm:express-ws@^5.0.2",
        "npm:express@^4.18.2",
        "npm:jest@^29.7.0",
        "npm:mongodb@^6.5.0",
        "npm:mongoose@^8.2.4",
        "npm:multer@^1.4.5-lts.1",
        "npm:netlify-cli@^17.28.0",
        "npm:node-fetch@^2.7.0",
        "npm:nodemon@^3.0.2",
        "npm:openai@^4.20.1",
        "npm:passport-google-oauth2@^0.2.0",
        "npm:passport-local-mongoose@^8.0.0",
        "npm:passport@^0.7.0",
        "npm:twilio@^4.23.0",
        "npm:uuid@^9.0.1",
        "npm:wavefile@^11.0.0",
        "npm:ws@^8.16.0"
      ]
    }
  }
}
